
Microsoft Visual Studio Solution File, Format Version 12.00
Project("{3DE0ECFD-ED15-4258-95AB-F9CCB632F495}") = "DebugTools", "src/DebugTools/DebugTools.csproj", "{23B1CA16-A5A4-4B69-B2A0-185A6A055106}"
EndProject
Project("{3DE0ECFD-ED15-4258-95AB-F9CCB632F495}") = "DebugTools.Unity", "src/DebugTools.Unity/DebugTools.Unity.csproj", "{528ACD9D-54AA-4027-9E6A-B6C5FEB0C930}"
EndProject
Global
	GlobalSection(SolutionConfigurationPlatforms) = preSolution
		Debug|Any CPU = Debug|Any CPU
		Release|Any CPU = Release|Any CPU
		Deploy|Any CPU = Deploy|Any CPU
		DeployAndRun|Any CPU = DeployAndRun|Any CPU
	EndGlobalSection
	GlobalSection(ProjectConfigurationPlatforms) = postSolution
		{23B1CA16-A5A4-4B69-B2A0-185A6A055106}.Debug|Any CPU.ActiveCfg = Debug|Any CPU
		{23B1CA16-A5A4-4B69-B2A0-185A6A055106}.Debug|Any CPU.Build.0 = Debug|Any CPU
		{23B1CA16-A5A4-4B69-B2A0-185A6A055106}.Release|Any CPU.ActiveCfg = Release|Any CPU
		{23B1CA16-A5A4-4B69-B2A0-185A6A055106}.Release|Any CPU.Build.0 = Release|Any CPU
		{23B1CA16-A5A4-4B69-B2A0-185A6A055106}.Deploy|Any CPU.ActiveCfg = Deploy|Any CPU
		{23B1CA16-A5A4-4B69-B2A0-185A6A055106}.Deploy|Any CPU.Build.0 = Deploy|Any CPU
		{23B1CA16-A5A4-4B69-B2A0-185A6A055106}.DeployAndRun|Any CPU.ActiveCfg = DeployAndRun|Any CPU
		{23B1CA16-A5A4-4B69-B2A0-185A6A055106}.DeployAndRun|Any CPU.Build.0 = DeployAndRun|Any CPU
		{528ACD9D-54AA-4027-9E6A-B6C5FEB0C930}.Debug|Any CPU.ActiveCfg = Debug|Any CPU
		{528ACD9D-54AA-4027-9E6A-B6C5FEB0C930}.Debug|Any CPU.Build.0 = Debug|Any CPU
		{528ACD9D-54AA-4027-9E6A-B6C5FEB0C930}.Release|Any CPU.ActiveCfg = Release|Any CPU
		{528ACD9D-54AA-4027-9E6A-B6C5FEB0C930}.Release|Any CPU.Build.0 = Release|Any CPU
		{528ACD9D-54AA-4027-9E6A-B6C5FEB0C930}.Deploy|Any CPU.ActiveCfg = Deploy|Any CPU
		{528ACD9D-54AA-4027-9E6A-B6C5FEB0C930}.Deploy|Any CPU.Build.0 = Deploy|Any CPU
		{528ACD9D-54AA-4027-9E6A-B6C5FEB0C930}.DeployAndRun|Any CPU.ActiveCfg = DeployAndRun|Any CPU
		{528ACD9D-54AA-4027-9E6A-B6C5FEB0C930}.DeployAndRun|Any CPU.Build.0 = DeployAndRun|Any CPU
	EndGlobalSection
EndGlobal


